// !$*UTF8*$!
{
	archiveVersion = 1;
	classes = {
	};
	objectVersion = 46;
	objects = {

/* Begin PBXBuildFile section */
		F890B26C1EAD52AC001DEF6E /* AppDelegate.swift in Sources */ = {isa = PBXBuildFile; fileRef = F890B26B1EAD52AC001DEF6E /* AppDelegate.swift */; };
		F890B26E1EAD52AC001DEF6E /* ViewController.swift in Sources */ = {isa = PBXBuildFile; fileRef = F890B26D1EAD52AC001DEF6E /* ViewController.swift */; };
		F890B2711EAD52AC001DEF6E /* Main.storyboard in Resources */ = {isa = PBXBuildFile; fileRef = F890B26F1EAD52AC001DEF6E /* Main.storyboard */; };
		F890B2731EAD52AC001DEF6E /* Assets.xcassets in Resources */ = {isa = PBXBuildFile; fileRef = F890B2721EAD52AC001DEF6E /* Assets.xcassets */; };
		F890B2761EAD52AC001DEF6E /* LaunchScreen.storyboard in Resources */ = {isa = PBXBuildFile; fileRef = F890B2741EAD52AC001DEF6E /* LaunchScreen.storyboard */; };
/* End PBXBuildFile section */

/* Begin PBXFileReference section */
		F890B2681EAD52AC001DEF6E /* CoreLocation Example.app */ = {isa = PBXFileReference; explicitFileType = wrapper.application; includeInIndex = 0; path = "CoreLocation Example.app"; sourceTree = BUILT_PRODUCTS_DIR; };
		F890B26B1EAD52AC001DEF6E /* AppDelegate.swift */ = {isa = PBXFileReference; lastKnownFileType = sourcecode.swift; path = AppDelegate.swift; sourceTree = "<group>"; };
		F890B26D1EAD52AC001DEF6E /* ViewController.swift */ = {isa = PBXFileReference; lastKnownFileType = sourcecode.swift; path = ViewController.swift; sourceTree = "<group>"; };
		F890B2701EAD52AC001DEF6E /* Base */ = {isa = PBXFileReference; lastKnownFileType = file.storyboard; name = Base; path = Base.lproj/Main.storyboard; sourceTree = "<group>"; };
		F890B2721EAD52AC001DEF6E /* Assets.xcassets */ = {isa = PBXFileReference; lastKnownFileType = folder.assetcatalog; path = Assets.xcassets; sourceTree = "<group>"; };
		F890B2751EAD52AC001DEF6E /* Base */ = {isa = PBXFileReference; lastKnownFileType = file.storyboard; name = Base; path = Base.lproj/LaunchScreen.storyboard; sourceTree = "<group>"; };
		F890B2771EAD52AC001DEF6E /* Info.plist */ = {isa = PBXFileReference; lastKnownFileType = text.plist.xml; path = Info.plist; sourceTree = "<group>"; };
/* End PBXFileReference section */

/* Begin PBXFrameworksBuildPhase section */
		F890B2651EAD52AC001DEF6E /* Frameworks */ = {
			isa = PBXFrameworksBuildPhase;
			buildActionMask = 2147483647;
			files = (
			);
			runOnlyForDeploymentPostprocessing = 0;
		};
/* End PBXFrameworksBuildPhase section */

/* Begin PBXGroup section */
		F890B25F1EAD52AC001DEF6E = {
			isa = PBXGroup;
			children = (
				F890B26A1EAD52AC001DEF6E /* CoreLocation Example */,
				F890B2691EAD52AC001DEF6E /* Products */,
			);
			sourceTree = "<group>";
		};
		F890B2691EAD52AC001DEF6E /* Products */ = {
			isa = PBXGroup;
			children = (
				F890B2681EAD52AC001DEF6E /* CoreLocation Example.app */,
			);
			name = Products;
			sourceTree = "<group>";
		};
		F890B26A1EAD52AC001DEF6E /* CoreLocation Example */ = {
			isa = PBXGroup;
			children = (
				F890B26B1EAD52AC001DEF6E /* AppDelegate.swift */,
				F890B26D1EAD52AC001DEF6E /* ViewController.swift */,
				F890B26F1EAD52AC001DEF6E /* Main.storyboard */,
				F890B2721EAD52AC001DEF6E /* Assets.xcassets */,
				F890B2741EAD52AC001DEF6E /* LaunchScreen.storyboard */,
				F890B2771EAD52AC001DEF6E /* Info.plist */,
			);
			path = "CoreLocation Example";
			sourceTree = "<group>";
		};
/* End PBXGroup section */

/* Begin PBXNativeTarget section */
		F890B2671EAD52AC001DEF6E /* CoreLocation Example */ = {
			isa = PBXNativeTarget;
			buildConfigurationList = F890B27A1EAD52AC001DEF6E /* Build configuration list for PBXNativeTarget "CoreLocation Example" */;
			buildPhases = (
				F890B2641EAD52AC001DEF6E /* Sources */,
				F890B2651EAD52AC001DEF6E /* Frameworks */,
				F890B2661EAD52AC001DEF6E /* Resources */,
			);
			buildRules = (
			);
			dependencies = (
			);
			name = "CoreLocation Example";
			productName = "CoreLocation Example";
			productReference = F890B2681EAD52AC001DEF6E /* CoreLocation Example.app */;
			productType = "com.apple.product-type.application";
		};
/* End PBXNativeTarget section */

/* Begin PBXProject section */
		F890B2601EAD52AC001DEF6E /* Project object */ = {
			isa = PBXProject;
			attributes = {
				LastSwiftUpdateCheck = 0830;
				LastUpgradeCheck = 0830;
				ORGANIZATIONNAME = "Lucien Dupont";
				TargetAttributes = {
					F890B2671EAD52AC001DEF6E = {
						CreatedOnToolsVersion = 8.3.1;
						DevelopmentTeam = 3SQ788B52T;
						ProvisioningStyle = Automatic;
					};
				};
			};
			buildConfigurationList = F890B2631EAD52AC001DEF6E /* Build configuration list for PBXProject "CoreLocation Example" */;
			compatibilityVersion = "Xcode 3.2";
			developmentRegion = English;
			hasScannedForEncodings = 0;
			knownRegions = (
				en,
				Base,
			);
			mainGroup = F890B25F1EAD52AC001DEF6E;
			productRefGroup = F890B2691EAD52AC001DEF6E /* Products */;
			projectDirPath = "";
			projectRoot = "";
			targets = (
				F890B2671EAD52AC001DEF6E /* CoreLocation Example */,
			);
		};
/* End PBXProject section */

/* Begin PBXResourcesBuildPhase section */
		F890B2661EAD52AC001DEF6E /* Resources */ = {
			isa = PBXResourcesBuildPhase;
			buildActionMask = 2147483647;
			files = (
				F890B2761EAD52AC001DEF6E /* LaunchScreen.storyboard in Resources */,
				F890B2731EAD52AC001DEF6E /* Assets.xcassets in Resources */,
				F890B2711EAD52AC001DEF6E /* Main.storyboard in Resources */,
			);
			runOnlyForDeploymentPostprocessing = 0;
		};
/* End PBXResourcesBuildPhase section */

/* Begin PBXSourcesBuildPhase section */
		F890B2641EAD52AC001DEF6E /* Sources */ = {
			isa = PBXSourcesBuildPhase;
			buildActionMask = 2147483647;
			files = (
				F890B26E1EAD52AC001DEF6E /* ViewController.swift in Sources */,
				F890B26C1EAD52AC001DEF6E /* AppDelegate.swift in Sources */,
			);
			runOnlyForDeploymentPostprocessing = 0;
		};
/* End PBXSourcesBuildPhase section */

/* Begin PBXVariantGroup section */
		F890B26F1EAD52AC001DEF6E /* Main.storyboard */ = {
			isa = PBXVariantGroup;
			children = (
				F890B2701EAD52AC001DEF6E /* Base */,
			);
			name = Main.storyboard;
			sourceTree = "<group>";
		};
		F890B2741EAD52AC001DEF6E /* LaunchScreen.storyboard */ = {
			isa = PBXVariantGroup;
			children = (
				F890B2751EAD52AC001DEF6E /* Base */,
			);
			name = LaunchScreen.storyboard;
			sourceTree = "<group>";
		};
/* End PBXVariantGroup section */

/* Begin XCBuildConfiguration section */
		F890B2781EAD52AC001DEF6E /* Debug */ = {
			isa = XCBuildConfiguration;
			buildSettings = {
				ALWAYS_SEARCH_USER_PATHS = NO;
				CLANG_ANALYZER_NONNULL = YES;
				CLANG_ANALYZER_NUMBER_OBJECT_CONVERSION = YES_AGGRESSIVE;
				CLANG_CXX_LANGUAGE_STANDARD = "gnu++0x";
				CLANG_CXX_LIBRARY = "libc++";
				CLANG_ENABLE_MODULES = YES;
				CLANG_ENABLE_OBJC_ARC = YES;
				CLANG_WARN_BOOL_CONVERSION = YES;
				CLANG_WARN_CONSTANT_CONVERSION = YES;
				CLANG_WARN_DIRECT_OBJC_ISA_USAGE = YES_ERROR;
				CLANG_WARN_DOCUMENTATION_COMMENTS = YES;
				CLANG_WARN_EMPTY_BODY = YES;
				CLANG_WARN_ENUM_CONVERSION = YES;
				CLANG_WARN_INFINITE_RECURSION = YES;
				CLANG_WARN_INT_CONVERSION = YES;
				CLANG_WARN_OBJC_ROOT_CLASS = YES_ERROR;
				CLANG_WARN_SUSPICIOUS_MOVE = YES;
				CLANG_WARN_UNREACHABLE_CODE = YES;
				CLANG_WARN__DUPLICATE_METHOD_MATCH = YES;
				"CODE_SIGN_IDENTITY[sdk=iphoneos*]" = "iPhone Developer";
				COPY_PHASE_STRIP = NO;
				DEBUG_INFORMATION_FORMAT = dwarf;
				ENABLE_STRICT_OBJC_MSGSEND = YES;
				ENABLE_TESTABILITY = YES;
				GCC_C_LANGUAGE_STANDARD = gnu99;
				GCC_DYNAMIC_NO_PIC = NO;
				GCC_NO_COMMON_BLOCKS = YES;
				GCC_OPTIMIZATION_LEVEL = 0;
				GCC_PREPROCESSOR_DEFINITIONS = (
					"DEBUG=1",
					"$(inherited)",
				);
				GCC_WARN_64_TO_32_BIT_CONVERSION = YES;
				GCC_WARN_ABOUT_RETURN_TYPE = YES_ERROR;
				GCC_WARN_UNDECLARED_SELECTOR = YES;
				GCC_WARN_UNINITIALIZED_AUTOS = YES_AGGRESSIVE;
				GCC_WARN_UNUSED_FUNCTION = YES;
				GCC_WARN_UNUSED_VARIABLE = YES;
				IPHONEOS_DEPLOYMENT_TARGET = 10.3;
				MTL_ENABLE_DEBUG_INFO = YES;
				ONLY_ACTIVE_ARCH = YES;
				SDKROOT = iphoneos;
				SWIFT_ACTIVE_COMPILATION_CONDITIONS = DEBUG;
				SWIFT_OPTIMIZATION_LEVEL = "-Onone";
				TARGETED_DEVICE_FAMILY = "1,2";
			};
			name = Debug;
		};
		F890B2791EAD52AC001DEF6E /* Release */ = {
			isa = XCBuildConfiguration;
			buildSettings = {
				ALWAYS_SEARCH_USER_PATHS = NO;
				CLANG_ANALYZER_NONNULL = YES;
				CLANG_ANALYZER_NUMBER_OBJECT_CONVERSION = YES_AGGRESSIVE;
				CLANG_CXX_LANGUAGE_STANDARD = "gnu++0x";
				CLANG_CXX_LIBRARY = "libc++";
				CLANG_ENABLE_MODULES = YES;
				CLANG_ENABLE_OBJC_ARC = YES;
				CLANG_WARN_BOOL_CONVERSION = YES;
				CLANG_WARN_CONSTANT_CONVERSION = YES;
				CLANG_WARN_DIRECT_OBJC_ISA_USAGE = YES_ERROR;
				CLANG_WARN_DOCUMENTATION_COMMENTS = YES;
				CLANG_WARN_EMPTY_BODY = YES;
				CLANG_WARN_ENUM_CONVERSION = YES;
				CLANG_WARN_INFINITE_RECURSION = YES;
				CLANG_WARN_INT_CONVERSION = YES;
				CLANG_WARN_OBJC_ROOT_CLASS = YES_ERROR;
				CLANG_WARN_SUSPICIOUS_MOVE = YES;
				CLANG_WARN_UNREACHABLE_CODE = YES;
				CLANG_WARN__DUPLICATE_METHOD_MATCH = YES;
				"CODE_SIGN_IDENTITY[sdk=iphoneos*]" = "iPhone Developer";
				COPY_PHASE_STRIP = NO;
				DEBUG_INFORMATION_FORMAT = "dwarf-with-dsym";
				ENABLE_NS_ASSERTIONS = NO;
				ENABLE_STRICT_OBJC_MSGSEND = YES;
				GCC_C_LANGUAGE_STANDARD = gnu99;
				GCC_NO_COMMON_BLOCKS = YES;
				GCC_WARN_64_TO_32_BIT_CONVERSION = YES;
				GCC_WARN_ABOUT_RETURN_TYPE = YES_ERROR;
				GCC_WARN_UNDECLARED_SELECTOR = YES;
				GCC_WARN_UNINITIALIZED_AUTOS = YES_AGGRESSIVE;
				GCC_WARN_UNUSED_FUNCTION = YES;
				GCC_WARN_UNUSED_VARIABLE = YES;
				IPHONEOS_DEPLOYMENT_TARGET = 10.3;
				MTL_ENABLE_DEBUG_INFO = NO;
				SDKROOT = iphoneos;
				SWIFT_OPTIMIZATION_LEVEL = "-Owholemodule";
				TARGETED_DEVICE_FAMILY = "1,2";
				VALIDATE_PRODUCT = YES;
			};
			name = Release;
		};
		F890B27B1EAD52AC001DEF6E /* Debug */ = {
			isa = XCBuildConfiguration;
			buildSettings = {
				ASSETCATALOG_COMPILER_APPICON_NAME = AppIcon;
				DEVELOPMENT_TEAM = 3SQ788B52T;
				INFOPLIST_FILE = "CoreLocation Example/Info.plist";
				LD_RUNPATH_SEARCH_PATHS = "$(inherited) @executable_path/Frameworks";
				PRODUCT_BUNDLE_IDENTIFIER = "com.chromedomesoftware.CoreLocation-Example";
				PRODUCT_NAME = "$(TARGET_NAME)";
				SWIFT_VERSION = 3.0;
			};
			name = Debug;
		};
		F890B27C1EAD52AC001DEF6E /* Release */ = {
			isa = XCBuildConfiguration;
			buildSettings = {
				ASSETCATALOG_COMPILER_APPICON_NAME = AppIcon;
				DEVELOPMENT_TEAM = 3SQ788B52T;
				INFOPLIST_FILE = "CoreLocation Example/Info.plist";
				LD_RUNPATH_SEARCH_PATHS = "$(inherited) @executable_path/Frameworks";
				PRODUCT_BUNDLE_IDENTIFIER = "com.chromedomesoftware.CoreLocation-Example";
				PRODUCT_NAME = "$(TARGET_NAME)";
				SWIFT_VERSION = 3.0;
			};
			name = Release;
		};
/* End XCBuildConfiguration section */

/* Begin XCConfigurationList section */
		F890B2631EAD52AC001DEF6E /* Build configuration list for PBXProject "CoreLocation Example" */ = {
			isa = XCConfigurationList;
			buildConfigurations = (
				F890B2781EAD52AC001DEF6E /* Debug */,
				F890B2791EAD52AC001DEF6E /* Release */,
			);
			defaultConfigurationIsVisible = 0;
			defaultConfigurationName = Release;
		};
		F890B27A1EAD52AC001DEF6E /* Build configuration list for PBXNativeTarget "CoreLocation Example" */ = {
			isa = XCConfigurationList;
			buildConfigurations = (
				F890B27B1EAD52AC001DEF6E /* Debug */,
				F890B27C1EAD52AC001DEF6E /* Release */,
			);
			defaultConfigurationIsVisible = 0;
		};
/* End XCConfigurationList section */
	};
	rootObject = F890B2601EAD52AC001DEF6E /* Project object */;
}
